
Microsoft Visual Studio Solution File, Format Version 12.00
# Visual Studio 14
VisualStudioVersion = 14.0.23107.0
MinimumVisualStudioVersion = 10.0.40219.1
Project("{FAE04EC0-301F-11D3-BF4B-00C04F79EFBC}") = "Technolog.Web", "Technolog\Technolog.Web.csproj", "{4F4CDAD9-BC4D-4589-B050-C7E55DB7E9CC}"
EndProject
Project("{FAE04EC0-301F-11D3-BF4B-00C04F79EFBC}") = "Technolog.Tests", "Technolog.Tests\Technolog.Tests.csproj", "{9C663BC3-538C-4E2B-B5BB-67E57BF4ACA6}"
EndProject
Project("{FAE04EC0-301F-11D3-BF4B-00C04F79EFBC}") = "Technolog.Domain", "Technolog.Domain\Technolog.Domain.csproj", "{ED38BA5F-D5F3-4957-BF7A-33797DC25DE4}"
EndProject
Global
	GlobalSection(SolutionConfigurationPlatforms) = preSolution
		Debug|Any CPU = Debug|Any CPU
		Release|Any CPU = Release|Any CPU
	EndGlobalSection
	GlobalSection(ProjectConfigurationPlatforms) = postSolution
		{4F4CDAD9-BC4D-4589-B050-C7E55DB7E9CC}.Debug|Any CPU.ActiveCfg = Debug|Any CPU
		{4F4CDAD9-BC4D-4589-B050-C7E55DB7E9CC}.Debug|Any CPU.Build.0 = Debug|Any CPU
		{4F4CDAD9-BC4D-4589-B050-C7E55DB7E9CC}.Release|Any CPU.ActiveCfg = Release|Any CPU
		{4F4CDAD9-BC4D-4589-B050-C7E55DB7E9CC}.Release|Any CPU.Build.0 = Release|Any CPU
		{9C663BC3-538C-4E2B-B5BB-67E57BF4ACA6}.Debug|Any CPU.ActiveCfg = Debug|Any CPU
		{9C663BC3-538C-4E2B-B5BB-67E57BF4ACA6}.Debug|Any CPU.Build.0 = Debug|Any CPU
		{9C663BC3-538C-4E2B-B5BB-67E57BF4ACA6}.Release|Any CPU.ActiveCfg = Release|Any CPU
		{9C663BC3-538C-4E2B-B5BB-67E57BF4ACA6}.Release|Any CPU.Build.0 = Release|Any CPU
		{ED38BA5F-D5F3-4957-BF7A-33797DC25DE4}.Debug|Any CPU.ActiveCfg = Debug|Any CPU
		{ED38BA5F-D5F3-4957-BF7A-33797DC25DE4}.Debug|Any CPU.Build.0 = Debug|Any CPU
		{ED38BA5F-D5F3-4957-BF7A-33797DC25DE4}.Release|Any CPU.ActiveCfg = Release|Any CPU
		{ED38BA5F-D5F3-4957-BF7A-33797DC25DE4}.Release|Any CPU.Build.0 = Release|Any CPU
	EndGlobalSection
	GlobalSection(SolutionProperties) = preSolution
		HideSolutionNode = FALSE
	EndGlobalSection
EndGlobal
