
Microsoft Visual Studio Solution File, Format Version 12.00
# Visual Studio 14
VisualStudioVersion = 14.0.24720.0
MinimumVisualStudioVersion = 10.0.40219.1
Project("{FAE04EC0-301F-11D3-BF4B-00C04F79EFBC}") = "Technolog.Web", "Technolog\Technolog.Web.csproj", "{4F4CDAD9-BC4D-4589-B050-C7E55DB7E9CC}"
EndProject
Project("{FAE04EC0-301F-11D3-BF4B-00C04F79EFBC}") = "Technolog.Domain", "Technolog.Domain\Technolog.Domain.csproj", "{ED38BA5F-D5F3-4957-BF7A-33797DC25DE4}"
EndProject
Project("{FAE04EC0-301F-11D3-BF4B-00C04F79EFBC}") = "Technolog.DAL.EF", "Technolog.DAL\Technolog.DAL.EF.csproj", "{C7084343-9E7C-4F7E-81AE-F4FDCD93C961}"
EndProject
Project("{FAE04EC0-301F-11D3-BF4B-00C04F79EFBC}") = "Technolog.BLL", "Technolog.BLL\Technolog.BLL.csproj", "{41C55022-9478-464B-AD67-72626BD0DC72}"
EndProject
Project("{2150E333-8FDC-42A3-9474-1A3956D46DE8}") = "Tests", "Tests", "{6462FCB9-BF90-49B3-AB7F-79744D790C31}"
EndProject
Project("{FAE04EC0-301F-11D3-BF4B-00C04F79EFBC}") = "Technolog.BLL.Test", "Technolog.BLL.Test\Technolog.BLL.Test.csproj", "{C5881E3B-B7FF-40C9-8102-0CBBBEDCA6BC}"
EndProject
Project("{FAE04EC0-301F-11D3-BF4B-00C04F79EFBC}") = "Technolog.DAL.Test", "Technolog.DAL.Test\Technolog.DAL.Test.csproj", "{9C99F27F-57B5-4E4D-A3A6-C9F007F48207}"
EndProject
Project("{FAE04EC0-301F-11D3-BF4B-00C04F79EFBC}") = "Technolog.Services", "Technolog.SL\Technolog.Services.csproj", "{DC47CC8B-A368-4B43-9028-FF1EB98272E5}"
EndProject
Project("{FAE04EC0-301F-11D3-BF4B-00C04F79EFBC}") = "Technolog.SL.Test", "Technolog.SL.Test\Technolog.SL.Test.csproj", "{FA3A2DB5-0452-4153-B7AD-B4D6B2E8BA17}"
EndProject
Project("{2150E333-8FDC-42A3-9474-1A3956D46DE8}") = "DAL", "DAL", "{89677877-959B-45E9-A696-4A5616696E85}"
EndProject
Project("{FAE04EC0-301F-11D3-BF4B-00C04F79EFBC}") = "Technolog.DAL.Interfaces", "Technolog.DAL.Interfaces\Technolog.DAL.Interfaces.csproj", "{42D362A0-0236-4482-B774-E937DF355F1E}"
EndProject
Project("{FAE04EC0-301F-11D3-BF4B-00C04F79EFBC}") = "Technolog.NinjectConfig", "Technolog.NinjectConfig\Technolog.NinjectConfig.csproj", "{FA80916D-E9EE-4974-B9B5-78CAB1AE95F6}"
EndProject
Project("{2150E333-8FDC-42A3-9474-1A3956D46DE8}") = "Infrastructure", "Infrastructure", "{4B2E8996-6CF8-40C1-9640-B75A7F20CDDC}"
EndProject
Project("{FAE04EC0-301F-11D3-BF4B-00C04F79EFBC}") = "Technolog.Infrastructure.Interfaces", "Technolog.Infrastructure.Interfaces\Technolog.Infrastructure.Interfaces.csproj", "{FAEE3678-5284-4E61-A636-E2A5004CFA82}"
EndProject
Project("{FAE04EC0-301F-11D3-BF4B-00C04F79EFBC}") = "Technolog.Infrastructure.Mapper.AM", "Technolog.Infrastructure.MapperAM\Technolog.Infrastructure.Mapper.AM.csproj", "{1E26010A-735D-4B1E-B8C8-F165BE80EFD7}"
EndProject
Project("{2150E333-8FDC-42A3-9474-1A3956D46DE8}") = "Web", "Web", "{AD8C8615-53E7-4A7D-BA0C-CEAB3EE64408}"
EndProject
Project("{2150E333-8FDC-42A3-9474-1A3956D46DE8}") = "Services", "Services", "{1856C940-88C6-4191-BDF3-C40C4A4CC49F}"
EndProject
Project("{FAE04EC0-301F-11D3-BF4B-00C04F79EFBC}") = "Technolog.Web.Models", "Technolog.Web.Models\Technolog.Web.Models.csproj", "{3D7447ED-3798-43B4-A762-B28C723D7915}"
EndProject
Project("{FAE04EC0-301F-11D3-BF4B-00C04F79EFBC}") = "Technolog.Web.SPA", "Technolog.Web.SPA\Technolog.Web.SPA.csproj", "{BECC043A-F00E-4F97-B5E5-80FD6F117FEC}"
EndProject
Global
	GlobalSection(SolutionConfigurationPlatforms) = preSolution
		Debug|Any CPU = Debug|Any CPU
		Release|Any CPU = Release|Any CPU
	EndGlobalSection
	GlobalSection(ProjectConfigurationPlatforms) = postSolution
		{4F4CDAD9-BC4D-4589-B050-C7E55DB7E9CC}.Debug|Any CPU.ActiveCfg = Debug|Any CPU
		{4F4CDAD9-BC4D-4589-B050-C7E55DB7E9CC}.Debug|Any CPU.Build.0 = Debug|Any CPU
		{4F4CDAD9-BC4D-4589-B050-C7E55DB7E9CC}.Release|Any CPU.ActiveCfg = Release|Any CPU
		{4F4CDAD9-BC4D-4589-B050-C7E55DB7E9CC}.Release|Any CPU.Build.0 = Release|Any CPU
		{ED38BA5F-D5F3-4957-BF7A-33797DC25DE4}.Debug|Any CPU.ActiveCfg = Debug|Any CPU
		{ED38BA5F-D5F3-4957-BF7A-33797DC25DE4}.Debug|Any CPU.Build.0 = Debug|Any CPU
		{ED38BA5F-D5F3-4957-BF7A-33797DC25DE4}.Release|Any CPU.ActiveCfg = Release|Any CPU
		{ED38BA5F-D5F3-4957-BF7A-33797DC25DE4}.Release|Any CPU.Build.0 = Release|Any CPU
		{C7084343-9E7C-4F7E-81AE-F4FDCD93C961}.Debug|Any CPU.ActiveCfg = Debug|Any CPU
		{C7084343-9E7C-4F7E-81AE-F4FDCD93C961}.Debug|Any CPU.Build.0 = Debug|Any CPU
		{C7084343-9E7C-4F7E-81AE-F4FDCD93C961}.Release|Any CPU.ActiveCfg = Release|Any CPU
		{C7084343-9E7C-4F7E-81AE-F4FDCD93C961}.Release|Any CPU.Build.0 = Release|Any CPU
		{41C55022-9478-464B-AD67-72626BD0DC72}.Debug|Any CPU.ActiveCfg = Debug|Any CPU
		{41C55022-9478-464B-AD67-72626BD0DC72}.Debug|Any CPU.Build.0 = Debug|Any CPU
		{41C55022-9478-464B-AD67-72626BD0DC72}.Release|Any CPU.ActiveCfg = Release|Any CPU
		{41C55022-9478-464B-AD67-72626BD0DC72}.Release|Any CPU.Build.0 = Release|Any CPU
		{C5881E3B-B7FF-40C9-8102-0CBBBEDCA6BC}.Debug|Any CPU.ActiveCfg = Debug|Any CPU
		{C5881E3B-B7FF-40C9-8102-0CBBBEDCA6BC}.Debug|Any CPU.Build.0 = Debug|Any CPU
		{C5881E3B-B7FF-40C9-8102-0CBBBEDCA6BC}.Release|Any CPU.ActiveCfg = Release|Any CPU
		{C5881E3B-B7FF-40C9-8102-0CBBBEDCA6BC}.Release|Any CPU.Build.0 = Release|Any CPU
		{9C99F27F-57B5-4E4D-A3A6-C9F007F48207}.Debug|Any CPU.ActiveCfg = Debug|Any CPU
		{9C99F27F-57B5-4E4D-A3A6-C9F007F48207}.Debug|Any CPU.Build.0 = Debug|Any CPU
		{9C99F27F-57B5-4E4D-A3A6-C9F007F48207}.Release|Any CPU.ActiveCfg = Release|Any CPU
		{9C99F27F-57B5-4E4D-A3A6-C9F007F48207}.Release|Any CPU.Build.0 = Release|Any CPU
		{DC47CC8B-A368-4B43-9028-FF1EB98272E5}.Debug|Any CPU.ActiveCfg = Debug|Any CPU
		{DC47CC8B-A368-4B43-9028-FF1EB98272E5}.Debug|Any CPU.Build.0 = Debug|Any CPU
		{DC47CC8B-A368-4B43-9028-FF1EB98272E5}.Release|Any CPU.ActiveCfg = Release|Any CPU
		{DC47CC8B-A368-4B43-9028-FF1EB98272E5}.Release|Any CPU.Build.0 = Release|Any CPU
		{FA3A2DB5-0452-4153-B7AD-B4D6B2E8BA17}.Debug|Any CPU.ActiveCfg = Debug|Any CPU
		{FA3A2DB5-0452-4153-B7AD-B4D6B2E8BA17}.Debug|Any CPU.Build.0 = Debug|Any CPU
		{FA3A2DB5-0452-4153-B7AD-B4D6B2E8BA17}.Release|Any CPU.ActiveCfg = Release|Any CPU
		{FA3A2DB5-0452-4153-B7AD-B4D6B2E8BA17}.Release|Any CPU.Build.0 = Release|Any CPU
		{42D362A0-0236-4482-B774-E937DF355F1E}.Debug|Any CPU.ActiveCfg = Debug|Any CPU
		{42D362A0-0236-4482-B774-E937DF355F1E}.Debug|Any CPU.Build.0 = Debug|Any CPU
		{42D362A0-0236-4482-B774-E937DF355F1E}.Release|Any CPU.ActiveCfg = Release|Any CPU
		{42D362A0-0236-4482-B774-E937DF355F1E}.Release|Any CPU.Build.0 = Release|Any CPU
		{FA80916D-E9EE-4974-B9B5-78CAB1AE95F6}.Debug|Any CPU.ActiveCfg = Debug|Any CPU
		{FA80916D-E9EE-4974-B9B5-78CAB1AE95F6}.Debug|Any CPU.Build.0 = Debug|Any CPU
		{FA80916D-E9EE-4974-B9B5-78CAB1AE95F6}.Release|Any CPU.ActiveCfg = Release|Any CPU
		{FA80916D-E9EE-4974-B9B5-78CAB1AE95F6}.Release|Any CPU.Build.0 = Release|Any CPU
		{FAEE3678-5284-4E61-A636-E2A5004CFA82}.Debug|Any CPU.ActiveCfg = Debug|Any CPU
		{FAEE3678-5284-4E61-A636-E2A5004CFA82}.Debug|Any CPU.Build.0 = Debug|Any CPU
		{FAEE3678-5284-4E61-A636-E2A5004CFA82}.Release|Any CPU.ActiveCfg = Release|Any CPU
		{FAEE3678-5284-4E61-A636-E2A5004CFA82}.Release|Any CPU.Build.0 = Release|Any CPU
		{1E26010A-735D-4B1E-B8C8-F165BE80EFD7}.Debug|Any CPU.ActiveCfg = Debug|Any CPU
		{1E26010A-735D-4B1E-B8C8-F165BE80EFD7}.Debug|Any CPU.Build.0 = Debug|Any CPU
		{1E26010A-735D-4B1E-B8C8-F165BE80EFD7}.Release|Any CPU.ActiveCfg = Release|Any CPU
		{1E26010A-735D-4B1E-B8C8-F165BE80EFD7}.Release|Any CPU.Build.0 = Release|Any CPU
		{3D7447ED-3798-43B4-A762-B28C723D7915}.Debug|Any CPU.ActiveCfg = Debug|Any CPU
		{3D7447ED-3798-43B4-A762-B28C723D7915}.Debug|Any CPU.Build.0 = Debug|Any CPU
		{3D7447ED-3798-43B4-A762-B28C723D7915}.Release|Any CPU.ActiveCfg = Release|Any CPU
		{3D7447ED-3798-43B4-A762-B28C723D7915}.Release|Any CPU.Build.0 = Release|Any CPU
		{BECC043A-F00E-4F97-B5E5-80FD6F117FEC}.Debug|Any CPU.ActiveCfg = Debug|Any CPU
		{BECC043A-F00E-4F97-B5E5-80FD6F117FEC}.Debug|Any CPU.Build.0 = Debug|Any CPU
		{BECC043A-F00E-4F97-B5E5-80FD6F117FEC}.Release|Any CPU.ActiveCfg = Release|Any CPU
		{BECC043A-F00E-4F97-B5E5-80FD6F117FEC}.Release|Any CPU.Build.0 = Release|Any CPU
	EndGlobalSection
	GlobalSection(SolutionProperties) = preSolution
		HideSolutionNode = FALSE
	EndGlobalSection
	GlobalSection(NestedProjects) = preSolution
		{4F4CDAD9-BC4D-4589-B050-C7E55DB7E9CC} = {AD8C8615-53E7-4A7D-BA0C-CEAB3EE64408}
		{C7084343-9E7C-4F7E-81AE-F4FDCD93C961} = {89677877-959B-45E9-A696-4A5616696E85}
		{C5881E3B-B7FF-40C9-8102-0CBBBEDCA6BC} = {6462FCB9-BF90-49B3-AB7F-79744D790C31}
		{9C99F27F-57B5-4E4D-A3A6-C9F007F48207} = {6462FCB9-BF90-49B3-AB7F-79744D790C31}
		{DC47CC8B-A368-4B43-9028-FF1EB98272E5} = {1856C940-88C6-4191-BDF3-C40C4A4CC49F}
		{FA3A2DB5-0452-4153-B7AD-B4D6B2E8BA17} = {6462FCB9-BF90-49B3-AB7F-79744D790C31}
		{42D362A0-0236-4482-B774-E937DF355F1E} = {89677877-959B-45E9-A696-4A5616696E85}
		{FA80916D-E9EE-4974-B9B5-78CAB1AE95F6} = {4B2E8996-6CF8-40C1-9640-B75A7F20CDDC}
		{FAEE3678-5284-4E61-A636-E2A5004CFA82} = {4B2E8996-6CF8-40C1-9640-B75A7F20CDDC}
		{1E26010A-735D-4B1E-B8C8-F165BE80EFD7} = {4B2E8996-6CF8-40C1-9640-B75A7F20CDDC}
		{3D7447ED-3798-43B4-A762-B28C723D7915} = {AD8C8615-53E7-4A7D-BA0C-CEAB3EE64408}
		{BECC043A-F00E-4F97-B5E5-80FD6F117FEC} = {AD8C8615-53E7-4A7D-BA0C-CEAB3EE64408}
	EndGlobalSection
EndGlobal
